
Microsoft Visual Studio Solution File, Format Version 12.00
# Visual Studio Version 16
VisualStudioVersion = 16.0.30128.74
MinimumVisualStudioVersion = 10.0.40219.1
Project("{FAE04EC0-301F-11D3-BF4B-00C04F79EFBC}") = "OrderCorp", "OrderCorp\OrderCorp.csproj", "{2EA57A76-6BD0-48CB-BA2C-D7B5C147DC86}"
EndProject
Project("{FAE04EC0-301F-11D3-BF4B-00C04F79EFBC}") = "OrderCorpLibrary", "OrderCorpLibrary\OrderCorpLibrary.csproj", "{5FAB0F5B-C804-4628-9C8D-01A0F193CD97}"
EndProject
Project("{FAE04EC0-301F-11D3-BF4B-00C04F79EFBC}") = "OrderCorpTests", "OrderCorpTests\OrderCorpTests.csproj", "{46D4850D-0F13-482F-9408-35E01A998EED}"
EndProject
Global
	GlobalSection(SolutionConfigurationPlatforms) = preSolution
		Debug|Any CPU = Debug|Any CPU
		Release|Any CPU = Release|Any CPU
	EndGlobalSection
	GlobalSection(ProjectConfigurationPlatforms) = postSolution
		{2EA57A76-6BD0-48CB-BA2C-D7B5C147DC86}.Debug|Any CPU.ActiveCfg = Debug|Any CPU
		{2EA57A76-6BD0-48CB-BA2C-D7B5C147DC86}.Debug|Any CPU.Build.0 = Debug|Any CPU
		{2EA57A76-6BD0-48CB-BA2C-D7B5C147DC86}.Release|Any CPU.ActiveCfg = Release|Any CPU
		{2EA57A76-6BD0-48CB-BA2C-D7B5C147DC86}.Release|Any CPU.Build.0 = Release|Any CPU
		{5FAB0F5B-C804-4628-9C8D-01A0F193CD97}.Debug|Any CPU.ActiveCfg = Debug|Any CPU
		{5FAB0F5B-C804-4628-9C8D-01A0F193CD97}.Debug|Any CPU.Build.0 = Debug|Any CPU
		{5FAB0F5B-C804-4628-9C8D-01A0F193CD97}.Release|Any CPU.ActiveCfg = Release|Any CPU
		{5FAB0F5B-C804-4628-9C8D-01A0F193CD97}.Release|Any CPU.Build.0 = Release|Any CPU
		{46D4850D-0F13-482F-9408-35E01A998EED}.Debug|Any CPU.ActiveCfg = Debug|Any CPU
		{46D4850D-0F13-482F-9408-35E01A998EED}.Debug|Any CPU.Build.0 = Debug|Any CPU
		{46D4850D-0F13-482F-9408-35E01A998EED}.Release|Any CPU.ActiveCfg = Release|Any CPU
		{46D4850D-0F13-482F-9408-35E01A998EED}.Release|Any CPU.Build.0 = Release|Any CPU
	EndGlobalSection
	GlobalSection(SolutionProperties) = preSolution
		HideSolutionNode = FALSE
	EndGlobalSection
	GlobalSection(ExtensibilityGlobals) = postSolution
		SolutionGuid = {4C82B219-CAFF-469B-A831-90CEFF16763B}
	EndGlobalSection
EndGlobal
